// !$*UTF8*$!
{
	archiveVersion = 1;
	classes = {
	};
	objectVersion = 55;
	objects = {

/* Begin PBXBuildFile section */
		7F067E0928A93D03000FA713 /* NotificationManager.swift in Sources */ = {isa = PBXBuildFile; fileRef = 7F067E0828A93D03000FA713 /* NotificationManager.swift */; };
		7F0798FA27D9B268006BF1CF /* BarcodeReaderView.swift in Sources */ = {isa = PBXBuildFile; fileRef = 7F0798F927D9B268006BF1CF /* BarcodeReaderView.swift */; };
		7F0798FC27D9B630006BF1CF /* ImagePickerView.swift in Sources */ = {isa = PBXBuildFile; fileRef = 7F0798FB27D9B630006BF1CF /* ImagePickerView.swift */; };
		7F0798FE27D9BF21006BF1CF /* ImageLibraryView.swift in Sources */ = {isa = PBXBuildFile; fileRef = 7F0798FD27D9BF21006BF1CF /* ImageLibraryView.swift */; };
		7F1DC17F28328D1300992908 /* SearchResult.swift in Sources */ = {isa = PBXBuildFile; fileRef = 7F1DC17E28328D1300992908 /* SearchResult.swift */; };
		7F2F05062924D24200AEEF97 /* AppDelegate.swift in Sources */ = {isa = PBXBuildFile; fileRef = 7F2F05052924D24200AEEF97 /* AppDelegate.swift */; };
		7F317B6727E1C84300E1C2E1 /* Color.swift in Sources */ = {isa = PBXBuildFile; fileRef = 7F317B6627E1C84300E1C2E1 /* Color.swift */; };
		7F46DCF12849D44800AB2715 /* RegisterRowView.swift in Sources */ = {isa = PBXBuildFile; fileRef = 7F46DCF02849D44800AB2715 /* RegisterRowView.swift */; };
		7F47C30127D742D9006343B4 /* RegisterView.swift in Sources */ = {isa = PBXBuildFile; fileRef = 7F47C30027D742D9006343B4 /* RegisterView.swift */; };
		7F4E51B22954A4DA006A5DF6 /* EventManager.swift in Sources */ = {isa = PBXBuildFile; fileRef = 7F4E51B12954A4DA006A5DF6 /* EventManager.swift */; };
		7F4EFA5727EA187C0005461E /* ItemDataView.swift in Sources */ = {isa = PBXBuildFile; fileRef = 7F4EFA5627EA187C0005461E /* ItemDataView.swift */; };
		7F55D64227F6C6A9004169C4 /* RakutenAPI.swift in Sources */ = {isa = PBXBuildFile; fileRef = 7F55D64127F6C6A9004169C4 /* RakutenAPI.swift */; };
		7F55D64427F6CAD5004169C4 /* Api.plist in Resources */ = {isa = PBXBuildFile; fileRef = 7F55D64327F6CAD5004169C4 /* Api.plist */; };
		7F5A6B9327E2EC6900DCCE81 /* Icon.swift in Sources */ = {isa = PBXBuildFile; fileRef = 7F5A6B9227E2EC6900DCCE81 /* Icon.swift */; };
		7F5BA4D127D64C8800338C12 /* FolderView.swift in Sources */ = {isa = PBXBuildFile; fileRef = 7F5BA4D027D64C8800338C12 /* FolderView.swift */; };
		7F5BA4D327D64CE800338C12 /* SettingView.swift in Sources */ = {isa = PBXBuildFile; fileRef = 7F5BA4D227D64CE800338C12 /* SettingView.swift */; };
		7F5C0A34294C40F1009AFC29 /* SettingRowView.swift in Sources */ = {isa = PBXBuildFile; fileRef = 7F5C0A33294C40F1009AFC29 /* SettingRowView.swift */; };
		7F5C967427F4976D0079CD69 /* AddImageButton.swift in Sources */ = {isa = PBXBuildFile; fileRef = 7F5C967327F4976D0079CD69 /* AddImageButton.swift */; };
		7F6227C3285C4EF300E90137 /* ItemData.swift in Sources */ = {isa = PBXBuildFile; fileRef = 7F6227C2285C4EF300E90137 /* ItemData.swift */; };
		7F70E1CE27D1E55900C483B9 /* InventoryApp_okuboApp.swift in Sources */ = {isa = PBXBuildFile; fileRef = 7F70E1CD27D1E55900C483B9 /* InventoryApp_okuboApp.swift */; };
		7F70E1D027D1E55900C483B9 /* ContentView.swift in Sources */ = {isa = PBXBuildFile; fileRef = 7F70E1CF27D1E55900C483B9 /* ContentView.swift */; };
		7F70E1D227D1E55A00C483B9 /* Assets.xcassets in Resources */ = {isa = PBXBuildFile; fileRef = 7F70E1D127D1E55A00C483B9 /* Assets.xcassets */; };
		7F70E1D527D1E55A00C483B9 /* Preview Assets.xcassets in Resources */ = {isa = PBXBuildFile; fileRef = 7F70E1D427D1E55A00C483B9 /* Preview Assets.xcassets */; };
		7F730DD528092600002EBD76 /* ItemImageView.swift in Sources */ = {isa = PBXBuildFile; fileRef = 7F730DD428092600002EBD76 /* ItemImageView.swift */; };
		7F7660F6283A2D9E009D6291 /* CameraManager.swift in Sources */ = {isa = PBXBuildFile; fileRef = 7F7660F5283A2D9E009D6291 /* CameraManager.swift */; };
		7F7CD3E727D8EA8A005A953B /* ItemListView.swift in Sources */ = {isa = PBXBuildFile; fileRef = 7F7CD3E627D8EA8A005A953B /* ItemListView.swift */; };
		7F84416A28FE3ADB001E06CE /* NoFolderView.swift in Sources */ = {isa = PBXBuildFile; fileRef = 7F84416928FE3ADB001E06CE /* NoFolderView.swift */; };
		7F944CA72877ED72008894AE /* FolderEditView.swift in Sources */ = {isa = PBXBuildFile; fileRef = 7F944CA62877ED72008894AE /* FolderEditView.swift */; };
		7F944CA92877EE44008894AE /* FolderRowView.swift in Sources */ = {isa = PBXBuildFile; fileRef = 7F944CA82877EE44008894AE /* FolderRowView.swift */; };
		7F944CAB2877EEF9008894AE /* Urgency.swift in Sources */ = {isa = PBXBuildFile; fileRef = 7F944CAA2877EEF9008894AE /* Urgency.swift */; };
		7F98A34928AE1D1B009220ED /* DatePickerRow.swift in Sources */ = {isa = PBXBuildFile; fileRef = 7F98A34828AE1D1B009220ED /* DatePickerRow.swift */; };
		7FA5698627DB194900AB0EEF /* SampleImage.swift in Sources */ = {isa = PBXBuildFile; fileRef = 7FA5698527DB194900AB0EEF /* SampleImage.swift */; };
		7FDFDB112823C43800D56402 /* SoundPlayer.swift in Sources */ = {isa = PBXBuildFile; fileRef = 7FDFDB102823C43800D56402 /* SoundPlayer.swift */; };
		7FE8968327E4463B002E80B1 /* ListRowView.swift in Sources */ = {isa = PBXBuildFile; fileRef = 7FE8968227E4463B002E80B1 /* ListRowView.swift */; };
		7FE8968527E44A57002E80B1 /* ItemStatus.swift in Sources */ = {isa = PBXBuildFile; fileRef = 7FE8968427E44A57002E80B1 /* ItemStatus.swift */; };
		7FF951A028814CB600F7F7C1 /* Model.xcdatamodeld in Sources */ = {isa = PBXBuildFile; fileRef = 7FF9519E28814CB600F7F7C1 /* Model.xcdatamodeld */; };
		7FF951A5288150F700F7F7C1 /* Folder+CoreDataClass.swift in Sources */ = {isa = PBXBuildFile; fileRef = 7FF951A1288150F700F7F7C1 /* Folder+CoreDataClass.swift */; };
		7FF951A6288150F700F7F7C1 /* Folder+CoreDataProperties.swift in Sources */ = {isa = PBXBuildFile; fileRef = 7FF951A2288150F700F7F7C1 /* Folder+CoreDataProperties.swift */; };
		7FF951A7288150F700F7F7C1 /* Item+CoreDataClass.swift in Sources */ = {isa = PBXBuildFile; fileRef = 7FF951A3288150F700F7F7C1 /* Item+CoreDataClass.swift */; };
		7FF951A8288150F700F7F7C1 /* Item+CoreDataProperties.swift in Sources */ = {isa = PBXBuildFile; fileRef = 7FF951A4288150F700F7F7C1 /* Item+CoreDataProperties.swift */; };
		7FF951AA288151B800F7F7C1 /* Persistence.swift in Sources */ = {isa = PBXBuildFile; fileRef = 7FF951A9288151B800F7F7C1 /* Persistence.swift */; };
/* End PBXBuildFile section */

/* Begin PBXFileReference section */
		7F067E0828A93D03000FA713 /* NotificationManager.swift */ = {isa = PBXFileReference; lastKnownFileType = sourcecode.swift; path = NotificationManager.swift; sourceTree = "<group>"; };
		7F0798F927D9B268006BF1CF /* BarcodeReaderView.swift */ = {isa = PBXFileReference; lastKnownFileType = sourcecode.swift; path = BarcodeReaderView.swift; sourceTree = "<group>"; };
		7F0798FB27D9B630006BF1CF /* ImagePickerView.swift */ = {isa = PBXFileReference; lastKnownFileType = sourcecode.swift; path = ImagePickerView.swift; sourceTree = "<group>"; };
		7F0798FD27D9BF21006BF1CF /* ImageLibraryView.swift */ = {isa = PBXFileReference; lastKnownFileType = sourcecode.swift; path = ImageLibraryView.swift; sourceTree = "<group>"; };
		7F1DC17E28328D1300992908 /* SearchResult.swift */ = {isa = PBXFileReference; lastKnownFileType = sourcecode.swift; path = SearchResult.swift; sourceTree = "<group>"; };
		7F27C36728E57C0F0025F181 /* InventoryApp-okubo.entitlements */ = {isa = PBXFileReference; lastKnownFileType = text.plist.entitlements; path = "InventoryApp-okubo.entitlements"; sourceTree = "<group>"; };
		7F2F05052924D24200AEEF97 /* AppDelegate.swift */ = {isa = PBXFileReference; lastKnownFileType = sourcecode.swift; path = AppDelegate.swift; sourceTree = "<group>"; };
		7F317B6627E1C84300E1C2E1 /* Color.swift */ = {isa = PBXFileReference; lastKnownFileType = sourcecode.swift; path = Color.swift; sourceTree = "<group>"; };
		7F46DCF02849D44800AB2715 /* RegisterRowView.swift */ = {isa = PBXFileReference; lastKnownFileType = sourcecode.swift; path = RegisterRowView.swift; sourceTree = "<group>"; };
		7F47C30027D742D9006343B4 /* RegisterView.swift */ = {isa = PBXFileReference; lastKnownFileType = sourcecode.swift; path = RegisterView.swift; sourceTree = "<group>"; };
		7F4E51B12954A4DA006A5DF6 /* EventManager.swift */ = {isa = PBXFileReference; lastKnownFileType = sourcecode.swift; path = EventManager.swift; sourceTree = "<group>"; };
		7F4EFA5627EA187C0005461E /* ItemDataView.swift */ = {isa = PBXFileReference; lastKnownFileType = sourcecode.swift; path = ItemDataView.swift; sourceTree = "<group>"; };
		7F55D64127F6C6A9004169C4 /* RakutenAPI.swift */ = {isa = PBXFileReference; lastKnownFileType = sourcecode.swift; path = RakutenAPI.swift; sourceTree = "<group>"; };
		7F55D64327F6CAD5004169C4 /* Api.plist */ = {isa = PBXFileReference; lastKnownFileType = text.plist.xml; path = Api.plist; sourceTree = "<group>"; };
		7F5A4583282E1DC9002AFD2B /* Info.plist */ = {isa = PBXFileReference; lastKnownFileType = text.plist.xml; path = Info.plist; sourceTree = "<group>"; };
		7F5A6B9227E2EC6900DCCE81 /* Icon.swift */ = {isa = PBXFileReference; lastKnownFileType = sourcecode.swift; path = Icon.swift; sourceTree = "<group>"; };
		7F5BA4D027D64C8800338C12 /* FolderView.swift */ = {isa = PBXFileReference; lastKnownFileType = sourcecode.swift; path = FolderView.swift; sourceTree = "<group>"; };
		7F5BA4D227D64CE800338C12 /* SettingView.swift */ = {isa = PBXFileReference; lastKnownFileType = sourcecode.swift; path = SettingView.swift; sourceTree = "<group>"; };
		7F5C0A33294C40F1009AFC29 /* SettingRowView.swift */ = {isa = PBXFileReference; lastKnownFileType = sourcecode.swift; path = SettingRowView.swift; sourceTree = "<group>"; };
		7F5C967327F4976D0079CD69 /* AddImageButton.swift */ = {isa = PBXFileReference; lastKnownFileType = sourcecode.swift; path = AddImageButton.swift; sourceTree = "<group>"; };
		7F6227C2285C4EF300E90137 /* ItemData.swift */ = {isa = PBXFileReference; lastKnownFileType = sourcecode.swift; path = ItemData.swift; sourceTree = "<group>"; };
		7F70E1CA27D1E55900C483B9 /* InventoryApp-okubo.app */ = {isa = PBXFileReference; explicitFileType = wrapper.application; includeInIndex = 0; path = "InventoryApp-okubo.app"; sourceTree = BUILT_PRODUCTS_DIR; };
		7F70E1CD27D1E55900C483B9 /* InventoryApp_okuboApp.swift */ = {isa = PBXFileReference; lastKnownFileType = sourcecode.swift; path = InventoryApp_okuboApp.swift; sourceTree = "<group>"; };
		7F70E1CF27D1E55900C483B9 /* ContentView.swift */ = {isa = PBXFileReference; lastKnownFileType = sourcecode.swift; path = ContentView.swift; sourceTree = "<group>"; };
		7F70E1D127D1E55A00C483B9 /* Assets.xcassets */ = {isa = PBXFileReference; lastKnownFileType = folder.assetcatalog; path = Assets.xcassets; sourceTree = "<group>"; };
		7F70E1D427D1E55A00C483B9 /* Preview Assets.xcassets */ = {isa = PBXFileReference; lastKnownFileType = folder.assetcatalog; path = "Preview Assets.xcassets"; sourceTree = "<group>"; };
		7F730DD428092600002EBD76 /* ItemImageView.swift */ = {isa = PBXFileReference; lastKnownFileType = sourcecode.swift; path = ItemImageView.swift; sourceTree = "<group>"; };
		7F7660F5283A2D9E009D6291 /* CameraManager.swift */ = {isa = PBXFileReference; lastKnownFileType = sourcecode.swift; path = CameraManager.swift; sourceTree = "<group>"; };
		7F7CD3E627D8EA8A005A953B /* ItemListView.swift */ = {isa = PBXFileReference; lastKnownFileType = sourcecode.swift; path = ItemListView.swift; sourceTree = "<group>"; };
		7F84416928FE3ADB001E06CE /* NoFolderView.swift */ = {isa = PBXFileReference; lastKnownFileType = sourcecode.swift; path = NoFolderView.swift; sourceTree = "<group>"; };
		7F944CA62877ED72008894AE /* FolderEditView.swift */ = {isa = PBXFileReference; lastKnownFileType = sourcecode.swift; path = FolderEditView.swift; sourceTree = "<group>"; };
		7F944CA82877EE44008894AE /* FolderRowView.swift */ = {isa = PBXFileReference; lastKnownFileType = sourcecode.swift; path = FolderRowView.swift; sourceTree = "<group>"; };
		7F944CAA2877EEF9008894AE /* Urgency.swift */ = {isa = PBXFileReference; lastKnownFileType = sourcecode.swift; path = Urgency.swift; sourceTree = "<group>"; };
		7F98A34828AE1D1B009220ED /* DatePickerRow.swift */ = {isa = PBXFileReference; lastKnownFileType = sourcecode.swift; path = DatePickerRow.swift; sourceTree = "<group>"; };
		7FA5698527DB194900AB0EEF /* SampleImage.swift */ = {isa = PBXFileReference; lastKnownFileType = sourcecode.swift; path = SampleImage.swift; sourceTree = "<group>"; };
		7FDFDB102823C43800D56402 /* SoundPlayer.swift */ = {isa = PBXFileReference; lastKnownFileType = sourcecode.swift; path = SoundPlayer.swift; sourceTree = "<group>"; };
		7FE8968227E4463B002E80B1 /* ListRowView.swift */ = {isa = PBXFileReference; lastKnownFileType = sourcecode.swift; path = ListRowView.swift; sourceTree = "<group>"; };
		7FE8968427E44A57002E80B1 /* ItemStatus.swift */ = {isa = PBXFileReference; lastKnownFileType = sourcecode.swift; path = ItemStatus.swift; sourceTree = "<group>"; };
		7FF9519F28814CB600F7F7C1 /* Model.xcdatamodel */ = {isa = PBXFileReference; lastKnownFileType = wrapper.xcdatamodel; path = Model.xcdatamodel; sourceTree = "<group>"; };
		7FF951A1288150F700F7F7C1 /* Folder+CoreDataClass.swift */ = {isa = PBXFileReference; lastKnownFileType = sourcecode.swift; path = "Folder+CoreDataClass.swift"; sourceTree = "<group>"; };
		7FF951A2288150F700F7F7C1 /* Folder+CoreDataProperties.swift */ = {isa = PBXFileReference; lastKnownFileType = sourcecode.swift; path = "Folder+CoreDataProperties.swift"; sourceTree = "<group>"; };
		7FF951A3288150F700F7F7C1 /* Item+CoreDataClass.swift */ = {isa = PBXFileReference; lastKnownFileType = sourcecode.swift; path = "Item+CoreDataClass.swift"; sourceTree = "<group>"; };
		7FF951A4288150F700F7F7C1 /* Item+CoreDataProperties.swift */ = {isa = PBXFileReference; lastKnownFileType = sourcecode.swift; path = "Item+CoreDataProperties.swift"; sourceTree = "<group>"; };
		7FF951A9288151B800F7F7C1 /* Persistence.swift */ = {isa = PBXFileReference; lastKnownFileType = sourcecode.swift; path = Persistence.swift; sourceTree = "<group>"; };
/* End PBXFileReference section */

/* Begin PBXFrameworksBuildPhase section */
		7F70E1C727D1E55900C483B9 /* Frameworks */ = {
			isa = PBXFrameworksBuildPhase;
			buildActionMask = 2147483647;
			files = (
			);
			runOnlyForDeploymentPostprocessing = 0;
		};
/* End PBXFrameworksBuildPhase section */

/* Begin PBXGroup section */
		7F18DA8528111A30005472AC /* RegisterGroup */ = {
			isa = PBXGroup;
			children = (
				7F47C30027D742D9006343B4 /* RegisterView.swift */,
				7F46DCF02849D44800AB2715 /* RegisterRowView.swift */,
				7F84416928FE3ADB001E06CE /* NoFolderView.swift */,
				7F4E51B12954A4DA006A5DF6 /* EventManager.swift */,
			);
			path = RegisterGroup;
			sourceTree = "<group>";
		};
		7F18DA8628111B6A005472AC /* FolderGroup */ = {
			isa = PBXGroup;
			children = (
				7F18DA8A28111D55005472AC /* View */,
				7F5A6B9227E2EC6900DCCE81 /* Icon.swift */,
			);
			path = FolderGroup;
			sourceTree = "<group>";
		};
		7F18DA8728111BF6005472AC /* ItemDataGroup */ = {
			isa = PBXGroup;
			children = (
				7F18DA8828111C41005472AC /* View */,
				7F18DA8928111C5F005472AC /* ViewModel */,
			);
			path = ItemDataGroup;
			sourceTree = "<group>";
		};
		7F18DA8828111C41005472AC /* View */ = {
			isa = PBXGroup;
			children = (
				7F4EFA5627EA187C0005461E /* ItemDataView.swift */,
				7F730DD428092600002EBD76 /* ItemImageView.swift */,
				7F5C967327F4976D0079CD69 /* AddImageButton.swift */,
				7F98A34828AE1D1B009220ED /* DatePickerRow.swift */,
				7F0798F927D9B268006BF1CF /* BarcodeReaderView.swift */,
				7F0798FB27D9B630006BF1CF /* ImagePickerView.swift */,
				7F0798FD27D9BF21006BF1CF /* ImageLibraryView.swift */,
			);
			path = View;
			sourceTree = "<group>";
		};
		7F18DA8928111C5F005472AC /* ViewModel */ = {
			isa = PBXGroup;
			children = (
				7F6227C2285C4EF300E90137 /* ItemData.swift */,
				7F55D64127F6C6A9004169C4 /* RakutenAPI.swift */,
				7F1DC17E28328D1300992908 /* SearchResult.swift */,
				7FE8968427E44A57002E80B1 /* ItemStatus.swift */,
				7F944CAA2877EEF9008894AE /* Urgency.swift */,
				7FA5698527DB194900AB0EEF /* SampleImage.swift */,
				7F7660F5283A2D9E009D6291 /* CameraManager.swift */,
			);
			path = ViewModel;
			sourceTree = "<group>";
		};
		7F18DA8A28111D55005472AC /* View */ = {
			isa = PBXGroup;
			children = (
				7F5BA4D027D64C8800338C12 /* FolderView.swift */,
				7F944CA82877EE44008894AE /* FolderRowView.swift */,
				7F944CA62877ED72008894AE /* FolderEditView.swift */,
				7F7CD3E627D8EA8A005A953B /* ItemListView.swift */,
				7FE8968227E4463B002E80B1 /* ListRowView.swift */,
			);
			path = View;
			sourceTree = "<group>";
		};
		7F5C0A35294C48E5009AFC29 /* Setting Group */ = {
			isa = PBXGroup;
			children = (
				7F5BA4D227D64CE800338C12 /* SettingView.swift */,
				7F5C0A33294C40F1009AFC29 /* SettingRowView.swift */,
			);
			path = "Setting Group";
			sourceTree = "<group>";
		};
		7F70E1C127D1E55900C483B9 = {
			isa = PBXGroup;
			children = (
				7F70E1CC27D1E55900C483B9 /* InventoryApp-okubo */,
				7F70E1CB27D1E55900C483B9 /* Products */,
			);
			sourceTree = "<group>";
		};
		7F70E1CB27D1E55900C483B9 /* Products */ = {
			isa = PBXGroup;
			children = (
				7F70E1CA27D1E55900C483B9 /* InventoryApp-okubo.app */,
			);
			name = Products;
			sourceTree = "<group>";
		};
		7F70E1CC27D1E55900C483B9 /* InventoryApp-okubo */ = {
			isa = PBXGroup;
			children = (
				7F27C36728E57C0F0025F181 /* InventoryApp-okubo.entitlements */,
				7F70E1CD27D1E55900C483B9 /* InventoryApp_okuboApp.swift */,
				7F2F05052924D24200AEEF97 /* AppDelegate.swift */,
				7F70E1CF27D1E55900C483B9 /* ContentView.swift */,
				7F18DA8528111A30005472AC /* RegisterGroup */,
				7F18DA8628111B6A005472AC /* FolderGroup */,
				7F18DA8728111BF6005472AC /* ItemDataGroup */,
				7F5C0A35294C48E5009AFC29 /* Setting Group */,
				7F067E0828A93D03000FA713 /* NotificationManager.swift */,
				7FDFDB102823C43800D56402 /* SoundPlayer.swift */,
				7F317B6627E1C84300E1C2E1 /* Color.swift */,
				7FF9519D28814C9600F7F7C1 /* CoreData */,
				7F5A4583282E1DC9002AFD2B /* Info.plist */,
				7F55D64327F6CAD5004169C4 /* Api.plist */,
				7F70E1D127D1E55A00C483B9 /* Assets.xcassets */,
				7F70E1D327D1E55A00C483B9 /* Preview Content */,
			);
			path = "InventoryApp-okubo";
			sourceTree = "<group>";
		};
		7F70E1D327D1E55A00C483B9 /* Preview Content */ = {
			isa = PBXGroup;
			children = (
				7F70E1D427D1E55A00C483B9 /* Preview Assets.xcassets */,
			);
			path = "Preview Content";
			sourceTree = "<group>";
		};
		7FF9519D28814C9600F7F7C1 /* CoreData */ = {
			isa = PBXGroup;
			children = (
				7FF9519E28814CB600F7F7C1 /* Model.xcdatamodeld */,
				7FF951A1288150F700F7F7C1 /* Folder+CoreDataClass.swift */,
				7FF951A2288150F700F7F7C1 /* Folder+CoreDataProperties.swift */,
				7FF951A3288150F700F7F7C1 /* Item+CoreDataClass.swift */,
				7FF951A4288150F700F7F7C1 /* Item+CoreDataProperties.swift */,
				7FF951A9288151B800F7F7C1 /* Persistence.swift */,
			);
			path = CoreData;
			sourceTree = "<group>";
		};
/* End PBXGroup section */

/* Begin PBXNativeTarget section */
		7F70E1C927D1E55900C483B9 /* InventoryApp-okubo */ = {
			isa = PBXNativeTarget;
			buildConfigurationList = 7F70E1D827D1E55A00C483B9 /* Build configuration list for PBXNativeTarget "InventoryApp-okubo" */;
			buildPhases = (
				7F70E1C627D1E55900C483B9 /* Sources */,
				7F70E1C727D1E55900C483B9 /* Frameworks */,
				7F70E1C827D1E55900C483B9 /* Resources */,
				7F5A4584282E24C6002AFD2B /* ShellScript */,
			);
			buildRules = (
			);
			dependencies = (
			);
			name = "InventoryApp-okubo";
			productName = "InventoryApp-okubo";
			productReference = 7F70E1CA27D1E55900C483B9 /* InventoryApp-okubo.app */;
			productType = "com.apple.product-type.application";
		};
/* End PBXNativeTarget section */

/* Begin PBXProject section */
		7F70E1C227D1E55900C483B9 /* Project object */ = {
			isa = PBXProject;
			attributes = {
				BuildIndependentTargetsInParallel = 1;
				LastSwiftUpdateCheck = 1310;
				LastUpgradeCheck = 1310;
				TargetAttributes = {
					7F70E1C927D1E55900C483B9 = {
						CreatedOnToolsVersion = 13.1;
					};
				};
			};
			buildConfigurationList = 7F70E1C527D1E55900C483B9 /* Build configuration list for PBXProject "InventoryApp-okubo" */;
			compatibilityVersion = "Xcode 13.0";
			developmentRegion = en;
			hasScannedForEncodings = 0;
			knownRegions = (
				en,
				Base,
			);
			mainGroup = 7F70E1C127D1E55900C483B9;
			productRefGroup = 7F70E1CB27D1E55900C483B9 /* Products */;
			projectDirPath = "";
			projectRoot = "";
			targets = (
				7F70E1C927D1E55900C483B9 /* InventoryApp-okubo */,
			);
		};
/* End PBXProject section */

/* Begin PBXResourcesBuildPhase section */
		7F70E1C827D1E55900C483B9 /* Resources */ = {
			isa = PBXResourcesBuildPhase;
			buildActionMask = 2147483647;
			files = (
				7F70E1D527D1E55A00C483B9 /* Preview Assets.xcassets in Resources */,
				7F55D64427F6CAD5004169C4 /* Api.plist in Resources */,
				7F70E1D227D1E55A00C483B9 /* Assets.xcassets in Resources */,
			);
			runOnlyForDeploymentPostprocessing = 0;
		};
/* End PBXResourcesBuildPhase section */

/* Begin PBXShellScriptBuildPhase section */
		7F5A4584282E24C6002AFD2B /* ShellScript */ = {
			isa = PBXShellScriptBuildPhase;
			alwaysOutOfDate = 1;
			buildActionMask = 2147483647;
			files = (
			);
			inputFileListPaths = (
			);
			inputPaths = (
			);
			outputFileListPaths = (
			);
			outputPaths = (
			);
			runOnlyForDeploymentPostprocessing = 0;
			shellPath = /bin/sh;
			shellScript = "# Type a script or drag a script file from your workspace to insert its path.\nexport PATH=\"$PATH:/opt/homebrew/bin\"\n\nif which swiftlint; then\n    swiftlint\nelse\n  echo \"warning: Swiftlint not installed, download from https://github.com/reaIm/Swiftlint\"\nfi\n";
		};
/* End PBXShellScriptBuildPhase section */

/* Begin PBXSourcesBuildPhase section */
		7F70E1C627D1E55900C483B9 /* Sources */ = {
			isa = PBXSourcesBuildPhase;
			buildActionMask = 2147483647;
			files = (
				7F944CA72877ED72008894AE /* FolderEditView.swift in Sources */,
				7F1DC17F28328D1300992908 /* SearchResult.swift in Sources */,
				7F0798FA27D9B268006BF1CF /* BarcodeReaderView.swift in Sources */,
				7F944CA92877EE44008894AE /* FolderRowView.swift in Sources */,
				7FF951A8288150F700F7F7C1 /* Item+CoreDataProperties.swift in Sources */,
				7F84416A28FE3ADB001E06CE /* NoFolderView.swift in Sources */,
				7FE8968327E4463B002E80B1 /* ListRowView.swift in Sources */,
				7F7660F6283A2D9E009D6291 /* CameraManager.swift in Sources */,
				7F067E0928A93D03000FA713 /* NotificationManager.swift in Sources */,
				7F5A6B9327E2EC6900DCCE81 /* Icon.swift in Sources */,
				7FF951A6288150F700F7F7C1 /* Folder+CoreDataProperties.swift in Sources */,
				7F46DCF12849D44800AB2715 /* RegisterRowView.swift in Sources */,
				7F2F05062924D24200AEEF97 /* AppDelegate.swift in Sources */,
				7F5BA4D327D64CE800338C12 /* SettingView.swift in Sources */,
				7F4E51B22954A4DA006A5DF6 /* EventManager.swift in Sources */,
				7F4EFA5727EA187C0005461E /* ItemDataView.swift in Sources */,
				7F70E1D027D1E55900C483B9 /* ContentView.swift in Sources */,
				7F317B6727E1C84300E1C2E1 /* Color.swift in Sources */,
				7F0798FC27D9B630006BF1CF /* ImagePickerView.swift in Sources */,
				7F47C30127D742D9006343B4 /* RegisterView.swift in Sources */,
				7FDFDB112823C43800D56402 /* SoundPlayer.swift in Sources */,
				7FF951A5288150F700F7F7C1 /* Folder+CoreDataClass.swift in Sources */,
				7F55D64227F6C6A9004169C4 /* RakutenAPI.swift in Sources */,
				7FF951A028814CB600F7F7C1 /* Model.xcdatamodeld in Sources */,
				7F6227C3285C4EF300E90137 /* ItemData.swift in Sources */,
				7F730DD528092600002EBD76 /* ItemImageView.swift in Sources */,
				7FF951AA288151B800F7F7C1 /* Persistence.swift in Sources */,
				7F5BA4D127D64C8800338C12 /* FolderView.swift in Sources */,
				7F70E1CE27D1E55900C483B9 /* InventoryApp_okuboApp.swift in Sources */,
				7FA5698627DB194900AB0EEF /* SampleImage.swift in Sources */,
				7F0798FE27D9BF21006BF1CF /* ImageLibraryView.swift in Sources */,
				7F98A34928AE1D1B009220ED /* DatePickerRow.swift in Sources */,
				7FF951A7288150F700F7F7C1 /* Item+CoreDataClass.swift in Sources */,
				7FE8968527E44A57002E80B1 /* ItemStatus.swift in Sources */,
				7F5C0A34294C40F1009AFC29 /* SettingRowView.swift in Sources */,
				7F7CD3E727D8EA8A005A953B /* ItemListView.swift in Sources */,
				7F944CAB2877EEF9008894AE /* Urgency.swift in Sources */,
				7F5C967427F4976D0079CD69 /* AddImageButton.swift in Sources */,
			);
			runOnlyForDeploymentPostprocessing = 0;
		};
/* End PBXSourcesBuildPhase section */

/* Begin XCBuildConfiguration section */
		7F70E1D627D1E55A00C483B9 /* Debug */ = {
			isa = XCBuildConfiguration;
			buildSettings = {
				ALWAYS_SEARCH_USER_PATHS = NO;
				CLANG_ANALYZER_NONNULL = YES;
				CLANG_ANALYZER_NUMBER_OBJECT_CONVERSION = YES_AGGRESSIVE;
				CLANG_CXX_LANGUAGE_STANDARD = "gnu++17";
				CLANG_CXX_LIBRARY = "libc++";
				CLANG_ENABLE_MODULES = YES;
				CLANG_ENABLE_OBJC_ARC = YES;
				CLANG_ENABLE_OBJC_WEAK = YES;
				CLANG_WARN_BLOCK_CAPTURE_AUTORELEASING = YES;
				CLANG_WARN_BOOL_CONVERSION = YES;
				CLANG_WARN_COMMA = YES;
				CLANG_WARN_CONSTANT_CONVERSION = YES;
				CLANG_WARN_DEPRECATED_OBJC_IMPLEMENTATIONS = YES;
				CLANG_WARN_DIRECT_OBJC_ISA_USAGE = YES_ERROR;
				CLANG_WARN_DOCUMENTATION_COMMENTS = YES;
				CLANG_WARN_EMPTY_BODY = YES;
				CLANG_WARN_ENUM_CONVERSION = YES;
				CLANG_WARN_INFINITE_RECURSION = YES;
				CLANG_WARN_INT_CONVERSION = YES;
				CLANG_WARN_NON_LITERAL_NULL_CONVERSION = YES;
				CLANG_WARN_OBJC_IMPLICIT_RETAIN_SELF = YES;
				CLANG_WARN_OBJC_LITERAL_CONVERSION = YES;
				CLANG_WARN_OBJC_ROOT_CLASS = YES_ERROR;
				CLANG_WARN_QUOTED_INCLUDE_IN_FRAMEWORK_HEADER = YES;
				CLANG_WARN_RANGE_LOOP_ANALYSIS = YES;
				CLANG_WARN_STRICT_PROTOTYPES = YES;
				CLANG_WARN_SUSPICIOUS_MOVE = YES;
				CLANG_WARN_UNGUARDED_AVAILABILITY = YES_AGGRESSIVE;
				CLANG_WARN_UNREACHABLE_CODE = YES;
				CLANG_WARN__DUPLICATE_METHOD_MATCH = YES;
				COPY_PHASE_STRIP = NO;
				DEBUG_INFORMATION_FORMAT = dwarf;
				ENABLE_STRICT_OBJC_MSGSEND = YES;
				ENABLE_TESTABILITY = YES;
				GCC_C_LANGUAGE_STANDARD = gnu11;
				GCC_DYNAMIC_NO_PIC = NO;
				GCC_NO_COMMON_BLOCKS = YES;
				GCC_OPTIMIZATION_LEVEL = 0;
				GCC_PREPROCESSOR_DEFINITIONS = (
					"DEBUG=1",
					"$(inherited)",
				);
				GCC_WARN_64_TO_32_BIT_CONVERSION = YES;
				GCC_WARN_ABOUT_RETURN_TYPE = YES_ERROR;
				GCC_WARN_UNDECLARED_SELECTOR = YES;
				GCC_WARN_UNINITIALIZED_AUTOS = YES_AGGRESSIVE;
				GCC_WARN_UNUSED_FUNCTION = YES;
				GCC_WARN_UNUSED_VARIABLE = YES;
				IPHONEOS_DEPLOYMENT_TARGET = 15.0;
				MTL_ENABLE_DEBUG_INFO = INCLUDE_SOURCE;
				MTL_FAST_MATH = YES;
				ONLY_ACTIVE_ARCH = YES;
				SDKROOT = iphoneos;
				SWIFT_ACTIVE_COMPILATION_CONDITIONS = DEBUG;
				SWIFT_OPTIMIZATION_LEVEL = "-Onone";
			};
			name = Debug;
		};
		7F70E1D727D1E55A00C483B9 /* Release */ = {
			isa = XCBuildConfiguration;
			buildSettings = {
				ALWAYS_SEARCH_USER_PATHS = NO;
				CLANG_ANALYZER_NONNULL = YES;
				CLANG_ANALYZER_NUMBER_OBJECT_CONVERSION = YES_AGGRESSIVE;
				CLANG_CXX_LANGUAGE_STANDARD = "gnu++17";
				CLANG_CXX_LIBRARY = "libc++";
				CLANG_ENABLE_MODULES = YES;
				CLANG_ENABLE_OBJC_ARC = YES;
				CLANG_ENABLE_OBJC_WEAK = YES;
				CLANG_WARN_BLOCK_CAPTURE_AUTORELEASING = YES;
				CLANG_WARN_BOOL_CONVERSION = YES;
				CLANG_WARN_COMMA = YES;
				CLANG_WARN_CONSTANT_CONVERSION = YES;
				CLANG_WARN_DEPRECATED_OBJC_IMPLEMENTATIONS = YES;
				CLANG_WARN_DIRECT_OBJC_ISA_USAGE = YES_ERROR;
				CLANG_WARN_DOCUMENTATION_COMMENTS = YES;
				CLANG_WARN_EMPTY_BODY = YES;
				CLANG_WARN_ENUM_CONVERSION = YES;
				CLANG_WARN_INFINITE_RECURSION = YES;
				CLANG_WARN_INT_CONVERSION = YES;
				CLANG_WARN_NON_LITERAL_NULL_CONVERSION = YES;
				CLANG_WARN_OBJC_IMPLICIT_RETAIN_SELF = YES;
				CLANG_WARN_OBJC_LITERAL_CONVERSION = YES;
				CLANG_WARN_OBJC_ROOT_CLASS = YES_ERROR;
				CLANG_WARN_QUOTED_INCLUDE_IN_FRAMEWORK_HEADER = YES;
				CLANG_WARN_RANGE_LOOP_ANALYSIS = YES;
				CLANG_WARN_STRICT_PROTOTYPES = YES;
				CLANG_WARN_SUSPICIOUS_MOVE = YES;
				CLANG_WARN_UNGUARDED_AVAILABILITY = YES_AGGRESSIVE;
				CLANG_WARN_UNREACHABLE_CODE = YES;
				CLANG_WARN__DUPLICATE_METHOD_MATCH = YES;
				COPY_PHASE_STRIP = NO;
				DEBUG_INFORMATION_FORMAT = "dwarf-with-dsym";
				ENABLE_NS_ASSERTIONS = NO;
				ENABLE_STRICT_OBJC_MSGSEND = YES;
				GCC_C_LANGUAGE_STANDARD = gnu11;
				GCC_NO_COMMON_BLOCKS = YES;
				GCC_WARN_64_TO_32_BIT_CONVERSION = YES;
				GCC_WARN_ABOUT_RETURN_TYPE = YES_ERROR;
				GCC_WARN_UNDECLARED_SELECTOR = YES;
				GCC_WARN_UNINITIALIZED_AUTOS = YES_AGGRESSIVE;
				GCC_WARN_UNUSED_FUNCTION = YES;
				GCC_WARN_UNUSED_VARIABLE = YES;
				IPHONEOS_DEPLOYMENT_TARGET = 15.0;
				MTL_ENABLE_DEBUG_INFO = NO;
				MTL_FAST_MATH = YES;
				SDKROOT = iphoneos;
				SWIFT_COMPILATION_MODE = wholemodule;
				SWIFT_OPTIMIZATION_LEVEL = "-O";
				VALIDATE_PRODUCT = YES;
			};
			name = Release;
		};
		7F70E1D927D1E55A00C483B9 /* Debug */ = {
			isa = XCBuildConfiguration;
			buildSettings = {
				ASSETCATALOG_COMPILER_APPICON_NAME = AppIcon;
				ASSETCATALOG_COMPILER_GLOBAL_ACCENT_COLOR_NAME = AccentColor;
				CODE_SIGN_ENTITLEMENTS = "InventoryApp-okubo/InventoryApp-okubo.entitlements";
				CODE_SIGN_IDENTITY = "Apple Development";
				CODE_SIGN_STYLE = Automatic;
				CURRENT_PROJECT_VERSION = 1;
				DEVELOPMENT_ASSET_PATHS = "\"InventoryApp-okubo/Preview Content\"";
				DEVELOPMENT_TEAM = PW2MXY74G2;
				ENABLE_PREVIEWS = YES;
				GENERATE_INFOPLIST_FILE = YES;
				INFOPLIST_FILE = "InventoryApp-okubo/Info.plist";
				INFOPLIST_KEY_NSCameraUsageDescription = "カメラを使用します";
				INFOPLIST_KEY_UIApplicationSupportsIndirectInputEvents = YES;
				INFOPLIST_KEY_UILaunchScreen_Generation = YES;
				INFOPLIST_KEY_UISupportedInterfaceOrientations = UIInterfaceOrientationPortrait;
				INFOPLIST_KEY_UISupportedInterfaceOrientations_iPad = "UIInterfaceOrientationLandscapeLeft UIInterfaceOrientationLandscapeRight UIInterfaceOrientationPortrait UIInterfaceOrientationPortraitUpsideDown";
				IPHONEOS_DEPLOYMENT_TARGET = 16.0;
				LD_RUNPATH_SEARCH_PATHS = (
					"$(inherited)",
					"@executable_path/Frameworks",
				);
				MARKETING_VERSION = 1.0;
				PRODUCT_BUNDLE_IDENTIFIER = "slow-dancer-815.InventoryApp-okubo";
				PRODUCT_NAME = "$(TARGET_NAME)";
				PROVISIONING_PROFILE_SPECIFIER = "";
				SUPPORTED_PLATFORMS = "iphoneos iphonesimulator";
				SUPPORTS_MACCATALYST = NO;
				SUPPORTS_MAC_DESIGNED_FOR_IPHONE_IPAD = YES;
				SWIFT_EMIT_LOC_STRINGS = YES;
				SWIFT_VERSION = 5.0;
				TARGETED_DEVICE_FAMILY = 1;
			};
			name = Debug;
		};
		7F70E1DA27D1E55A00C483B9 /* Release */ = {
			isa = XCBuildConfiguration;
			buildSettings = {
				ASSETCATALOG_COMPILER_APPICON_NAME = AppIcon;
				ASSETCATALOG_COMPILER_GLOBAL_ACCENT_COLOR_NAME = AccentColor;
				CODE_SIGN_ENTITLEMENTS = "InventoryApp-okubo/InventoryApp-okubo.entitlements";
				CODE_SIGN_IDENTITY = "Apple Development";
				CODE_SIGN_STYLE = Automatic;
				CURRENT_PROJECT_VERSION = 1;
				DEVELOPMENT_ASSET_PATHS = "\"InventoryApp-okubo/Preview Content\"";
				DEVELOPMENT_TEAM = PW2MXY74G2;
				ENABLE_PREVIEWS = YES;
				GENERATE_INFOPLIST_FILE = YES;
				INFOPLIST_FILE = "InventoryApp-okubo/Info.plist";
				INFOPLIST_KEY_NSCameraUsageDescription = "カメラを使用します";
				INFOPLIST_KEY_UIApplicationSupportsIndirectInputEvents = YES;
				INFOPLIST_KEY_UILaunchScreen_Generation = YES;
				INFOPLIST_KEY_UISupportedInterfaceOrientations = UIInterfaceOrientationPortrait;
				INFOPLIST_KEY_UISupportedInterfaceOrientations_iPad = "UIInterfaceOrientationLandscapeLeft UIInterfaceOrientationLandscapeRight UIInterfaceOrientationPortrait UIInterfaceOrientationPortraitUpsideDown";
				IPHONEOS_DEPLOYMENT_TARGET = 16.0;
				LD_RUNPATH_SEARCH_PATHS = (
					"$(inherited)",
					"@executable_path/Frameworks",
				);
				MARKETING_VERSION = 1.0;
				PRODUCT_BUNDLE_IDENTIFIER = "slow-dancer-815.InventoryApp-okubo";
				PRODUCT_NAME = "$(TARGET_NAME)";
				PROVISIONING_PROFILE_SPECIFIER = "";
				SUPPORTED_PLATFORMS = "iphoneos iphonesimulator";
				SUPPORTS_MACCATALYST = NO;
				SUPPORTS_MAC_DESIGNED_FOR_IPHONE_IPAD = YES;
				SWIFT_EMIT_LOC_STRINGS = YES;
				SWIFT_VERSION = 5.0;
				TARGETED_DEVICE_FAMILY = 1;
			};
			name = Release;
		};
/* End XCBuildConfiguration section */

/* Begin XCConfigurationList section */
		7F70E1C527D1E55900C483B9 /* Build configuration list for PBXProject "InventoryApp-okubo" */ = {
			isa = XCConfigurationList;
			buildConfigurations = (
				7F70E1D627D1E55A00C483B9 /* Debug */,
				7F70E1D727D1E55A00C483B9 /* Release */,
			);
			defaultConfigurationIsVisible = 0;
			defaultConfigurationName = Release;
		};
		7F70E1D827D1E55A00C483B9 /* Build configuration list for PBXNativeTarget "InventoryApp-okubo" */ = {
			isa = XCConfigurationList;
			buildConfigurations = (
				7F70E1D927D1E55A00C483B9 /* Debug */,
				7F70E1DA27D1E55A00C483B9 /* Release */,
			);
			defaultConfigurationIsVisible = 0;
			defaultConfigurationName = Release;
		};
/* End XCConfigurationList section */

/* Begin XCVersionGroup section */
		7FF9519E28814CB600F7F7C1 /* Model.xcdatamodeld */ = {
			isa = XCVersionGroup;
			children = (
				7FF9519F28814CB600F7F7C1 /* Model.xcdatamodel */,
			);
			currentVersion = 7FF9519F28814CB600F7F7C1 /* Model.xcdatamodel */;
			path = Model.xcdatamodeld;
			sourceTree = "<group>";
			versionGroupType = wrapper.xcdatamodel;
		};
/* End XCVersionGroup section */
	};
	rootObject = 7F70E1C227D1E55900C483B9 /* Project object */;
}
