// !$*UTF8*$!
{
	archiveVersion = 1;
	classes = {
	};
	objectVersion = 55;
	objects = {

/* Begin PBXBuildFile section */
		7F0798FA27D9B268006BF1CF /* BarcodeReaderView.swift in Sources */ = {isa = PBXBuildFile; fileRef = 7F0798F927D9B268006BF1CF /* BarcodeReaderView.swift */; };
		7F0798FC27D9B630006BF1CF /* ImagePickerView.swift in Sources */ = {isa = PBXBuildFile; fileRef = 7F0798FB27D9B630006BF1CF /* ImagePickerView.swift */; };
		7F0798FE27D9BF21006BF1CF /* ImageLibraryView.swift in Sources */ = {isa = PBXBuildFile; fileRef = 7F0798FD27D9BF21006BF1CF /* ImageLibraryView.swift */; };
		7F07990027D9C291006BF1CF /* RecentItemsView.swift in Sources */ = {isa = PBXBuildFile; fileRef = 7F0798FF27D9C291006BF1CF /* RecentItemsView.swift */; };
		7F317B6727E1C84300E1C2E1 /* Color.swift in Sources */ = {isa = PBXBuildFile; fileRef = 7F317B6627E1C84300E1C2E1 /* Color.swift */; };
		7F47C30127D742D9006343B4 /* RegisterView.swift in Sources */ = {isa = PBXBuildFile; fileRef = 7F47C30027D742D9006343B4 /* RegisterView.swift */; };
		7F5A6B9327E2EC6900DCCE81 /* Icon.swift in Sources */ = {isa = PBXBuildFile; fileRef = 7F5A6B9227E2EC6900DCCE81 /* Icon.swift */; };
		7F5BA4CF27D64C0A00338C12 /* HomeView.swift in Sources */ = {isa = PBXBuildFile; fileRef = 7F5BA4CE27D64C0A00338C12 /* HomeView.swift */; };
		7F5BA4D127D64C8800338C12 /* FolderView.swift in Sources */ = {isa = PBXBuildFile; fileRef = 7F5BA4D027D64C8800338C12 /* FolderView.swift */; };
		7F5BA4D327D64CE800338C12 /* SettingView.swift in Sources */ = {isa = PBXBuildFile; fileRef = 7F5BA4D227D64CE800338C12 /* SettingView.swift */; };
		7F70E1CE27D1E55900C483B9 /* InventoryApp_okuboApp.swift in Sources */ = {isa = PBXBuildFile; fileRef = 7F70E1CD27D1E55900C483B9 /* InventoryApp_okuboApp.swift */; };
		7F70E1D027D1E55900C483B9 /* ContentView.swift in Sources */ = {isa = PBXBuildFile; fileRef = 7F70E1CF27D1E55900C483B9 /* ContentView.swift */; };
		7F70E1D227D1E55A00C483B9 /* Assets.xcassets in Resources */ = {isa = PBXBuildFile; fileRef = 7F70E1D127D1E55A00C483B9 /* Assets.xcassets */; };
		7F70E1D527D1E55A00C483B9 /* Preview Assets.xcassets in Resources */ = {isa = PBXBuildFile; fileRef = 7F70E1D427D1E55A00C483B9 /* Preview Assets.xcassets */; };
		7F7CD3E727D8EA8A005A953B /* ItemListView.swift in Sources */ = {isa = PBXBuildFile; fileRef = 7F7CD3E627D8EA8A005A953B /* ItemListView.swift */; };
		7FA5698627DB194900AB0EEF /* SampleImage.swift in Sources */ = {isa = PBXBuildFile; fileRef = 7FA5698527DB194900AB0EEF /* SampleImage.swift */; };
		7FE8968327E4463B002E80B1 /* ListRowView.swift in Sources */ = {isa = PBXBuildFile; fileRef = 7FE8968227E4463B002E80B1 /* ListRowView.swift */; };
		7FE8968527E44A57002E80B1 /* ItemStatus.swift in Sources */ = {isa = PBXBuildFile; fileRef = 7FE8968427E44A57002E80B1 /* ItemStatus.swift */; };
/* End PBXBuildFile section */

/* Begin PBXFileReference section */
		7F0798F927D9B268006BF1CF /* BarcodeReaderView.swift */ = {isa = PBXFileReference; lastKnownFileType = sourcecode.swift; path = BarcodeReaderView.swift; sourceTree = "<group>"; };
		7F0798FB27D9B630006BF1CF /* ImagePickerView.swift */ = {isa = PBXFileReference; lastKnownFileType = sourcecode.swift; path = ImagePickerView.swift; sourceTree = "<group>"; };
		7F0798FD27D9BF21006BF1CF /* ImageLibraryView.swift */ = {isa = PBXFileReference; lastKnownFileType = sourcecode.swift; path = ImageLibraryView.swift; sourceTree = "<group>"; };
		7F0798FF27D9C291006BF1CF /* RecentItemsView.swift */ = {isa = PBXFileReference; lastKnownFileType = sourcecode.swift; path = RecentItemsView.swift; sourceTree = "<group>"; };
		7F317B6627E1C84300E1C2E1 /* Color.swift */ = {isa = PBXFileReference; lastKnownFileType = sourcecode.swift; path = Color.swift; sourceTree = "<group>"; };
		7F47C30027D742D9006343B4 /* RegisterView.swift */ = {isa = PBXFileReference; lastKnownFileType = sourcecode.swift; path = RegisterView.swift; sourceTree = "<group>"; };
		7F5A6B9227E2EC6900DCCE81 /* Icon.swift */ = {isa = PBXFileReference; lastKnownFileType = sourcecode.swift; path = Icon.swift; sourceTree = "<group>"; };
		7F5BA4CE27D64C0A00338C12 /* HomeView.swift */ = {isa = PBXFileReference; lastKnownFileType = sourcecode.swift; path = HomeView.swift; sourceTree = "<group>"; };
		7F5BA4D027D64C8800338C12 /* FolderView.swift */ = {isa = PBXFileReference; lastKnownFileType = sourcecode.swift; path = FolderView.swift; sourceTree = "<group>"; };
		7F5BA4D227D64CE800338C12 /* SettingView.swift */ = {isa = PBXFileReference; lastKnownFileType = sourcecode.swift; path = SettingView.swift; sourceTree = "<group>"; };
		7F70E1CA27D1E55900C483B9 /* InventoryApp-okubo.app */ = {isa = PBXFileReference; explicitFileType = wrapper.application; includeInIndex = 0; path = "InventoryApp-okubo.app"; sourceTree = BUILT_PRODUCTS_DIR; };
		7F70E1CD27D1E55900C483B9 /* InventoryApp_okuboApp.swift */ = {isa = PBXFileReference; lastKnownFileType = sourcecode.swift; path = InventoryApp_okuboApp.swift; sourceTree = "<group>"; };
		7F70E1CF27D1E55900C483B9 /* ContentView.swift */ = {isa = PBXFileReference; lastKnownFileType = sourcecode.swift; path = ContentView.swift; sourceTree = "<group>"; };
		7F70E1D127D1E55A00C483B9 /* Assets.xcassets */ = {isa = PBXFileReference; lastKnownFileType = folder.assetcatalog; path = Assets.xcassets; sourceTree = "<group>"; };
		7F70E1D427D1E55A00C483B9 /* Preview Assets.xcassets */ = {isa = PBXFileReference; lastKnownFileType = folder.assetcatalog; path = "Preview Assets.xcassets"; sourceTree = "<group>"; };
		7F7CD3E627D8EA8A005A953B /* ItemListView.swift */ = {isa = PBXFileReference; lastKnownFileType = sourcecode.swift; path = ItemListView.swift; sourceTree = "<group>"; };
		7FA5698527DB194900AB0EEF /* SampleImage.swift */ = {isa = PBXFileReference; lastKnownFileType = sourcecode.swift; path = SampleImage.swift; sourceTree = "<group>"; };
		7FE8968227E4463B002E80B1 /* ListRowView.swift */ = {isa = PBXFileReference; lastKnownFileType = sourcecode.swift; path = ListRowView.swift; sourceTree = "<group>"; };
		7FE8968427E44A57002E80B1 /* ItemStatus.swift */ = {isa = PBXFileReference; lastKnownFileType = sourcecode.swift; path = ItemStatus.swift; sourceTree = "<group>"; };
/* End PBXFileReference section */

/* Begin PBXFrameworksBuildPhase section */
		7F70E1C727D1E55900C483B9 /* Frameworks */ = {
			isa = PBXFrameworksBuildPhase;
			buildActionMask = 2147483647;
			files = (
			);
			runOnlyForDeploymentPostprocessing = 0;
		};
/* End PBXFrameworksBuildPhase section */

/* Begin PBXGroup section */
		7F70E1C127D1E55900C483B9 = {
			isa = PBXGroup;
			children = (
				7F70E1CC27D1E55900C483B9 /* InventoryApp-okubo */,
				7F70E1CB27D1E55900C483B9 /* Products */,
			);
			sourceTree = "<group>";
		};
		7F70E1CB27D1E55900C483B9 /* Products */ = {
			isa = PBXGroup;
			children = (
				7F70E1CA27D1E55900C483B9 /* InventoryApp-okubo.app */,
			);
			name = Products;
			sourceTree = "<group>";
		};
		7F70E1CC27D1E55900C483B9 /* InventoryApp-okubo */ = {
			isa = PBXGroup;
			children = (
				7F70E1CD27D1E55900C483B9 /* InventoryApp_okuboApp.swift */,
				7F70E1CF27D1E55900C483B9 /* ContentView.swift */,
				7F5BA4CE27D64C0A00338C12 /* HomeView.swift */,
				7F5BA4D027D64C8800338C12 /* FolderView.swift */,
				7F5BA4D227D64CE800338C12 /* SettingView.swift */,
				7F0798FF27D9C291006BF1CF /* RecentItemsView.swift */,
				7F47C30027D742D9006343B4 /* RegisterView.swift */,
				7F0798F927D9B268006BF1CF /* BarcodeReaderView.swift */,
				7F0798FB27D9B630006BF1CF /* ImagePickerView.swift */,
				7F0798FD27D9BF21006BF1CF /* ImageLibraryView.swift */,
				7F7CD3E627D8EA8A005A953B /* ItemListView.swift */,
				7FE8968227E4463B002E80B1 /* ListRowView.swift */,
				7FA5698527DB194900AB0EEF /* SampleImage.swift */,
				7FE8968427E44A57002E80B1 /* ItemStatus.swift */,
				7F5A6B9227E2EC6900DCCE81 /* Icon.swift */,
				7F317B6627E1C84300E1C2E1 /* Color.swift */,
				7F70E1D127D1E55A00C483B9 /* Assets.xcassets */,
				7F70E1D327D1E55A00C483B9 /* Preview Content */,
			);
			path = "InventoryApp-okubo";
			sourceTree = "<group>";
		};
		7F70E1D327D1E55A00C483B9 /* Preview Content */ = {
			isa = PBXGroup;
			children = (
				7F70E1D427D1E55A00C483B9 /* Preview Assets.xcassets */,
			);
			path = "Preview Content";
			sourceTree = "<group>";
		};
/* End PBXGroup section */

/* Begin PBXNativeTarget section */
		7F70E1C927D1E55900C483B9 /* InventoryApp-okubo */ = {
			isa = PBXNativeTarget;
			buildConfigurationList = 7F70E1D827D1E55A00C483B9 /* Build configuration list for PBXNativeTarget "InventoryApp-okubo" */;
			buildPhases = (
				7F70E1C627D1E55900C483B9 /* Sources */,
				7F70E1C727D1E55900C483B9 /* Frameworks */,
				7F70E1C827D1E55900C483B9 /* Resources */,
			);
			buildRules = (
			);
			dependencies = (
			);
			name = "InventoryApp-okubo";
			productName = "InventoryApp-okubo";
			productReference = 7F70E1CA27D1E55900C483B9 /* InventoryApp-okubo.app */;
			productType = "com.apple.product-type.application";
		};
/* End PBXNativeTarget section */

/* Begin PBXProject section */
		7F70E1C227D1E55900C483B9 /* Project object */ = {
			isa = PBXProject;
			attributes = {
				BuildIndependentTargetsInParallel = 1;
				LastSwiftUpdateCheck = 1310;
				LastUpgradeCheck = 1310;
				TargetAttributes = {
					7F70E1C927D1E55900C483B9 = {
						CreatedOnToolsVersion = 13.1;
					};
				};
			};
			buildConfigurationList = 7F70E1C527D1E55900C483B9 /* Build configuration list for PBXProject "InventoryApp-okubo" */;
			compatibilityVersion = "Xcode 13.0";
			developmentRegion = en;
			hasScannedForEncodings = 0;
			knownRegions = (
				en,
				Base,
			);
			mainGroup = 7F70E1C127D1E55900C483B9;
			productRefGroup = 7F70E1CB27D1E55900C483B9 /* Products */;
			projectDirPath = "";
			projectRoot = "";
			targets = (
				7F70E1C927D1E55900C483B9 /* InventoryApp-okubo */,
			);
		};
/* End PBXProject section */

/* Begin PBXResourcesBuildPhase section */
		7F70E1C827D1E55900C483B9 /* Resources */ = {
			isa = PBXResourcesBuildPhase;
			buildActionMask = 2147483647;
			files = (
				7F70E1D527D1E55A00C483B9 /* Preview Assets.xcassets in Resources */,
				7F70E1D227D1E55A00C483B9 /* Assets.xcassets in Resources */,
			);
			runOnlyForDeploymentPostprocessing = 0;
		};
/* End PBXResourcesBuildPhase section */

/* Begin PBXSourcesBuildPhase section */
		7F70E1C627D1E55900C483B9 /* Sources */ = {
			isa = PBXSourcesBuildPhase;
			buildActionMask = 2147483647;
			files = (
				7F0798FA27D9B268006BF1CF /* BarcodeReaderView.swift in Sources */,
				7F5BA4CF27D64C0A00338C12 /* HomeView.swift in Sources */,
				7FE8968327E4463B002E80B1 /* ListRowView.swift in Sources */,
				7F5A6B9327E2EC6900DCCE81 /* Icon.swift in Sources */,
				7F5BA4D327D64CE800338C12 /* SettingView.swift in Sources */,
				7F70E1D027D1E55900C483B9 /* ContentView.swift in Sources */,
				7F317B6727E1C84300E1C2E1 /* Color.swift in Sources */,
				7F0798FC27D9B630006BF1CF /* ImagePickerView.swift in Sources */,
				7F47C30127D742D9006343B4 /* RegisterView.swift in Sources */,
				7F07990027D9C291006BF1CF /* RecentItemsView.swift in Sources */,
				7F5BA4D127D64C8800338C12 /* FolderView.swift in Sources */,
				7F70E1CE27D1E55900C483B9 /* InventoryApp_okuboApp.swift in Sources */,
				7FA5698627DB194900AB0EEF /* SampleImage.swift in Sources */,
				7F0798FE27D9BF21006BF1CF /* ImageLibraryView.swift in Sources */,
				7FE8968527E44A57002E80B1 /* ItemStatus.swift in Sources */,
				7F7CD3E727D8EA8A005A953B /* ItemListView.swift in Sources */,
			);
			runOnlyForDeploymentPostprocessing = 0;
		};
/* End PBXSourcesBuildPhase section */

/* Begin XCBuildConfiguration section */
		7F70E1D627D1E55A00C483B9 /* Debug */ = {
			isa = XCBuildConfiguration;
			buildSettings = {
				ALWAYS_SEARCH_USER_PATHS = NO;
				CLANG_ANALYZER_NONNULL = YES;
				CLANG_ANALYZER_NUMBER_OBJECT_CONVERSION = YES_AGGRESSIVE;
				CLANG_CXX_LANGUAGE_STANDARD = "gnu++17";
				CLANG_CXX_LIBRARY = "libc++";
				CLANG_ENABLE_MODULES = YES;
				CLANG_ENABLE_OBJC_ARC = YES;
				CLANG_ENABLE_OBJC_WEAK = YES;
				CLANG_WARN_BLOCK_CAPTURE_AUTORELEASING = YES;
				CLANG_WARN_BOOL_CONVERSION = YES;
				CLANG_WARN_COMMA = YES;
				CLANG_WARN_CONSTANT_CONVERSION = YES;
				CLANG_WARN_DEPRECATED_OBJC_IMPLEMENTATIONS = YES;
				CLANG_WARN_DIRECT_OBJC_ISA_USAGE = YES_ERROR;
				CLANG_WARN_DOCUMENTATION_COMMENTS = YES;
				CLANG_WARN_EMPTY_BODY = YES;
				CLANG_WARN_ENUM_CONVERSION = YES;
				CLANG_WARN_INFINITE_RECURSION = YES;
				CLANG_WARN_INT_CONVERSION = YES;
				CLANG_WARN_NON_LITERAL_NULL_CONVERSION = YES;
				CLANG_WARN_OBJC_IMPLICIT_RETAIN_SELF = YES;
				CLANG_WARN_OBJC_LITERAL_CONVERSION = YES;
				CLANG_WARN_OBJC_ROOT_CLASS = YES_ERROR;
				CLANG_WARN_QUOTED_INCLUDE_IN_FRAMEWORK_HEADER = YES;
				CLANG_WARN_RANGE_LOOP_ANALYSIS = YES;
				CLANG_WARN_STRICT_PROTOTYPES = YES;
				CLANG_WARN_SUSPICIOUS_MOVE = YES;
				CLANG_WARN_UNGUARDED_AVAILABILITY = YES_AGGRESSIVE;
				CLANG_WARN_UNREACHABLE_CODE = YES;
				CLANG_WARN__DUPLICATE_METHOD_MATCH = YES;
				COPY_PHASE_STRIP = NO;
				DEBUG_INFORMATION_FORMAT = dwarf;
				ENABLE_STRICT_OBJC_MSGSEND = YES;
				ENABLE_TESTABILITY = YES;
				GCC_C_LANGUAGE_STANDARD = gnu11;
				GCC_DYNAMIC_NO_PIC = NO;
				GCC_NO_COMMON_BLOCKS = YES;
				GCC_OPTIMIZATION_LEVEL = 0;
				GCC_PREPROCESSOR_DEFINITIONS = (
					"DEBUG=1",
					"$(inherited)",
				);
				GCC_WARN_64_TO_32_BIT_CONVERSION = YES;
				GCC_WARN_ABOUT_RETURN_TYPE = YES_ERROR;
				GCC_WARN_UNDECLARED_SELECTOR = YES;
				GCC_WARN_UNINITIALIZED_AUTOS = YES_AGGRESSIVE;
				GCC_WARN_UNUSED_FUNCTION = YES;
				GCC_WARN_UNUSED_VARIABLE = YES;
				IPHONEOS_DEPLOYMENT_TARGET = 15.0;
				MTL_ENABLE_DEBUG_INFO = INCLUDE_SOURCE;
				MTL_FAST_MATH = YES;
				ONLY_ACTIVE_ARCH = YES;
				SDKROOT = iphoneos;
				SWIFT_ACTIVE_COMPILATION_CONDITIONS = DEBUG;
				SWIFT_OPTIMIZATION_LEVEL = "-Onone";
			};
			name = Debug;
		};
		7F70E1D727D1E55A00C483B9 /* Release */ = {
			isa = XCBuildConfiguration;
			buildSettings = {
				ALWAYS_SEARCH_USER_PATHS = NO;
				CLANG_ANALYZER_NONNULL = YES;
				CLANG_ANALYZER_NUMBER_OBJECT_CONVERSION = YES_AGGRESSIVE;
				CLANG_CXX_LANGUAGE_STANDARD = "gnu++17";
				CLANG_CXX_LIBRARY = "libc++";
				CLANG_ENABLE_MODULES = YES;
				CLANG_ENABLE_OBJC_ARC = YES;
				CLANG_ENABLE_OBJC_WEAK = YES;
				CLANG_WARN_BLOCK_CAPTURE_AUTORELEASING = YES;
				CLANG_WARN_BOOL_CONVERSION = YES;
				CLANG_WARN_COMMA = YES;
				CLANG_WARN_CONSTANT_CONVERSION = YES;
				CLANG_WARN_DEPRECATED_OBJC_IMPLEMENTATIONS = YES;
				CLANG_WARN_DIRECT_OBJC_ISA_USAGE = YES_ERROR;
				CLANG_WARN_DOCUMENTATION_COMMENTS = YES;
				CLANG_WARN_EMPTY_BODY = YES;
				CLANG_WARN_ENUM_CONVERSION = YES;
				CLANG_WARN_INFINITE_RECURSION = YES;
				CLANG_WARN_INT_CONVERSION = YES;
				CLANG_WARN_NON_LITERAL_NULL_CONVERSION = YES;
				CLANG_WARN_OBJC_IMPLICIT_RETAIN_SELF = YES;
				CLANG_WARN_OBJC_LITERAL_CONVERSION = YES;
				CLANG_WARN_OBJC_ROOT_CLASS = YES_ERROR;
				CLANG_WARN_QUOTED_INCLUDE_IN_FRAMEWORK_HEADER = YES;
				CLANG_WARN_RANGE_LOOP_ANALYSIS = YES;
				CLANG_WARN_STRICT_PROTOTYPES = YES;
				CLANG_WARN_SUSPICIOUS_MOVE = YES;
				CLANG_WARN_UNGUARDED_AVAILABILITY = YES_AGGRESSIVE;
				CLANG_WARN_UNREACHABLE_CODE = YES;
				CLANG_WARN__DUPLICATE_METHOD_MATCH = YES;
				COPY_PHASE_STRIP = NO;
				DEBUG_INFORMATION_FORMAT = "dwarf-with-dsym";
				ENABLE_NS_ASSERTIONS = NO;
				ENABLE_STRICT_OBJC_MSGSEND = YES;
				GCC_C_LANGUAGE_STANDARD = gnu11;
				GCC_NO_COMMON_BLOCKS = YES;
				GCC_WARN_64_TO_32_BIT_CONVERSION = YES;
				GCC_WARN_ABOUT_RETURN_TYPE = YES_ERROR;
				GCC_WARN_UNDECLARED_SELECTOR = YES;
				GCC_WARN_UNINITIALIZED_AUTOS = YES_AGGRESSIVE;
				GCC_WARN_UNUSED_FUNCTION = YES;
				GCC_WARN_UNUSED_VARIABLE = YES;
				IPHONEOS_DEPLOYMENT_TARGET = 15.0;
				MTL_ENABLE_DEBUG_INFO = NO;
				MTL_FAST_MATH = YES;
				SDKROOT = iphoneos;
				SWIFT_COMPILATION_MODE = wholemodule;
				SWIFT_OPTIMIZATION_LEVEL = "-O";
				VALIDATE_PRODUCT = YES;
			};
			name = Release;
		};
		7F70E1D927D1E55A00C483B9 /* Debug */ = {
			isa = XCBuildConfiguration;
			buildSettings = {
				ASSETCATALOG_COMPILER_APPICON_NAME = AppIcon;
				ASSETCATALOG_COMPILER_GLOBAL_ACCENT_COLOR_NAME = AccentColor;
				CODE_SIGN_STYLE = Automatic;
				CURRENT_PROJECT_VERSION = 1;
				DEVELOPMENT_ASSET_PATHS = "\"InventoryApp-okubo/Preview Content\"";
				DEVELOPMENT_TEAM = PW2MXY74G2;
				ENABLE_PREVIEWS = YES;
				GENERATE_INFOPLIST_FILE = YES;
				INFOPLIST_KEY_UIApplicationSceneManifest_Generation = YES;
				INFOPLIST_KEY_UIApplicationSupportsIndirectInputEvents = YES;
				INFOPLIST_KEY_UILaunchScreen_Generation = YES;
				INFOPLIST_KEY_UISupportedInterfaceOrientations_iPad = "UIInterfaceOrientationPortrait UIInterfaceOrientationPortraitUpsideDown UIInterfaceOrientationLandscapeLeft UIInterfaceOrientationLandscapeRight";
				INFOPLIST_KEY_UISupportedInterfaceOrientations_iPhone = "UIInterfaceOrientationPortrait UIInterfaceOrientationLandscapeLeft UIInterfaceOrientationLandscapeRight";
				LD_RUNPATH_SEARCH_PATHS = (
					"$(inherited)",
					"@executable_path/Frameworks",
				);
				MARKETING_VERSION = 1.0;
				PRODUCT_BUNDLE_IDENTIFIER = "com.icloud.slow-dancer-815.InventoryApp-okubo";
				PRODUCT_NAME = "$(TARGET_NAME)";
				SWIFT_EMIT_LOC_STRINGS = YES;
				SWIFT_VERSION = 5.0;
				TARGETED_DEVICE_FAMILY = "1,2";
			};
			name = Debug;
		};
		7F70E1DA27D1E55A00C483B9 /* Release */ = {
			isa = XCBuildConfiguration;
			buildSettings = {
				ASSETCATALOG_COMPILER_APPICON_NAME = AppIcon;
				ASSETCATALOG_COMPILER_GLOBAL_ACCENT_COLOR_NAME = AccentColor;
				CODE_SIGN_STYLE = Automatic;
				CURRENT_PROJECT_VERSION = 1;
				DEVELOPMENT_ASSET_PATHS = "\"InventoryApp-okubo/Preview Content\"";
				DEVELOPMENT_TEAM = PW2MXY74G2;
				ENABLE_PREVIEWS = YES;
				GENERATE_INFOPLIST_FILE = YES;
				INFOPLIST_KEY_UIApplicationSceneManifest_Generation = YES;
				INFOPLIST_KEY_UIApplicationSupportsIndirectInputEvents = YES;
				INFOPLIST_KEY_UILaunchScreen_Generation = YES;
				INFOPLIST_KEY_UISupportedInterfaceOrientations_iPad = "UIInterfaceOrientationPortrait UIInterfaceOrientationPortraitUpsideDown UIInterfaceOrientationLandscapeLeft UIInterfaceOrientationLandscapeRight";
				INFOPLIST_KEY_UISupportedInterfaceOrientations_iPhone = "UIInterfaceOrientationPortrait UIInterfaceOrientationLandscapeLeft UIInterfaceOrientationLandscapeRight";
				LD_RUNPATH_SEARCH_PATHS = (
					"$(inherited)",
					"@executable_path/Frameworks",
				);
				MARKETING_VERSION = 1.0;
				PRODUCT_BUNDLE_IDENTIFIER = "com.icloud.slow-dancer-815.InventoryApp-okubo";
				PRODUCT_NAME = "$(TARGET_NAME)";
				SWIFT_EMIT_LOC_STRINGS = YES;
				SWIFT_VERSION = 5.0;
				TARGETED_DEVICE_FAMILY = "1,2";
			};
			name = Release;
		};
/* End XCBuildConfiguration section */

/* Begin XCConfigurationList section */
		7F70E1C527D1E55900C483B9 /* Build configuration list for PBXProject "InventoryApp-okubo" */ = {
			isa = XCConfigurationList;
			buildConfigurations = (
				7F70E1D627D1E55A00C483B9 /* Debug */,
				7F70E1D727D1E55A00C483B9 /* Release */,
			);
			defaultConfigurationIsVisible = 0;
			defaultConfigurationName = Release;
		};
		7F70E1D827D1E55A00C483B9 /* Build configuration list for PBXNativeTarget "InventoryApp-okubo" */ = {
			isa = XCConfigurationList;
			buildConfigurations = (
				7F70E1D927D1E55A00C483B9 /* Debug */,
				7F70E1DA27D1E55A00C483B9 /* Release */,
			);
			defaultConfigurationIsVisible = 0;
			defaultConfigurationName = Release;
		};
/* End XCConfigurationList section */
	};
	rootObject = 7F70E1C227D1E55900C483B9 /* Project object */;
}
